
Microsoft Visual Studio Solution File, Format Version 12.00
# Visual Studio Version 16
VisualStudioVersion = 16.0.30413.136
MinimumVisualStudioVersion = 10.0.40219.1
Project("{9A19103F-16F7-4668-BE54-9A1E7A4F7556}") = "ArduinoShell", "Source\ArduinoShell.csproj", "{BF8A6619-0C1D-4A3C-A96E-09F09C9F48BA}"
EndProject
Project("{8BC9CEB8-8B4A-11D0-8D11-00A0C91BC942}") = "ArduinoShellFirmware", "ArduinoShellFirmware\ArduinoShellFirmware.vcxproj", "{C5F80730-F44F-4478-BDAE-6634EFC2CA88}"
EndProject
Project("{2150E333-8FDC-42A3-9474-1A3956D46DE8}") = "documentation", "documentation", "{69580A45-923A-40B5-B74C-8AE87F960C52}"
	ProjectSection(SolutionItems) = preProject
		documentation\commands.md = documentation\commands.md
	EndProjectSection
EndProject
Global
	GlobalSection(SolutionConfigurationPlatforms) = preSolution
		Debug|Any CPU = Debug|Any CPU
		Debug|x86 = Debug|x86
		Release|Any CPU = Release|Any CPU
		Release|x86 = Release|x86
	EndGlobalSection
	GlobalSection(ProjectConfigurationPlatforms) = postSolution
		{BF8A6619-0C1D-4A3C-A96E-09F09C9F48BA}.Debug|Any CPU.ActiveCfg = Debug|Any CPU
		{BF8A6619-0C1D-4A3C-A96E-09F09C9F48BA}.Debug|Any CPU.Build.0 = Debug|Any CPU
		{BF8A6619-0C1D-4A3C-A96E-09F09C9F48BA}.Debug|x86.ActiveCfg = Debug|Any CPU
		{BF8A6619-0C1D-4A3C-A96E-09F09C9F48BA}.Debug|x86.Build.0 = Debug|Any CPU
		{BF8A6619-0C1D-4A3C-A96E-09F09C9F48BA}.Release|Any CPU.ActiveCfg = Release|Any CPU
		{BF8A6619-0C1D-4A3C-A96E-09F09C9F48BA}.Release|Any CPU.Build.0 = Release|Any CPU
		{BF8A6619-0C1D-4A3C-A96E-09F09C9F48BA}.Release|x86.ActiveCfg = Release|Any CPU
		{BF8A6619-0C1D-4A3C-A96E-09F09C9F48BA}.Release|x86.Build.0 = Release|Any CPU
		{C5F80730-F44F-4478-BDAE-6634EFC2CA88}.Debug|Any CPU.ActiveCfg = Debug|Win32
		{C5F80730-F44F-4478-BDAE-6634EFC2CA88}.Debug|x86.ActiveCfg = Debug|Win32
		{C5F80730-F44F-4478-BDAE-6634EFC2CA88}.Debug|x86.Build.0 = Debug|Win32
		{C5F80730-F44F-4478-BDAE-6634EFC2CA88}.Release|Any CPU.ActiveCfg = Release|Win32
		{C5F80730-F44F-4478-BDAE-6634EFC2CA88}.Release|x86.ActiveCfg = Release|Win32
		{C5F80730-F44F-4478-BDAE-6634EFC2CA88}.Release|x86.Build.0 = Release|Win32
	EndGlobalSection
	GlobalSection(SolutionProperties) = preSolution
		HideSolutionNode = FALSE
	EndGlobalSection
	GlobalSection(ExtensibilityGlobals) = postSolution
		SolutionGuid = {BF2513A7-9B98-482F-9121-7B209D6C2EC2}
	EndGlobalSection
EndGlobal
